<?xml version="1.0" encoding="UTF-8" standalone="yes" ?>
<CodeBlocks_project_file>
	<FileVersion major="1" minor="6" />
	<Project>
		<Option title="deltachat-core" />
		<Option pch_mode="2" />
		<Option compiler="gcc" />
		<Build>
			<Target title="Debug">
				<Option output="bin/Debug/deltachat-core" prefix_auto="1" extension_auto="1" />
				<Option object_output="obj/Debug/" />
				<Option type="1" />
				<Option compiler="gcc" />
				<Option parameters="/home/bpetersen/messy/eml/messenger.db" />
				<Compiler>
					<Add option="-g" />
					<Add option="-DUSE_E2EE" />
				</Compiler>
				<Linker>
					<Add option="`libetpan-config --libs`" />
					<Add option="-lsqlite3" />
					<Add option="-lgcrypt" />
					<Add option="-lgpg-error" />
				</Linker>
			</Target>
			<Target title="Release">
				<Option output="bin/Release/deltachat-core" prefix_auto="1" extension_auto="1" />
				<Option object_output="obj/Release/" />
				<Option type="1" />
				<Option compiler="gcc" />
				<Compiler>
					<Add option="-O2" />
				</Compiler>
				<Linker>
					<Add option="-s" />
				</Linker>
			</Target>
		</Build>
		<Compiler>
			<Add option="-Wall" />
			<Add option="-fexceptions" />
		</Compiler>
		<Unit filename="README.md" />
		<Unit filename="src/main.c">
			<Option compilerVar="CC" />
		</Unit>
		<Unit filename="src/mrchat.c">
			<Option compilerVar="CC" />
		</Unit>
		<Unit filename="src/mrchatlist.c">
			<Option compilerVar="CC" />
		</Unit>
		<Unit filename="src/mrcmdline.c">
			<Option compilerVar="CC" />
		</Unit>
		<Unit filename="src/mrcontact.c">
			<Option compilerVar="CC" />
		</Unit>
		<Unit filename="src/mre2ee.c">
			<Option compilerVar="CC" />
		</Unit>
		<Unit filename="src/mrimap.c">
			<Option compilerVar="CC" />
		</Unit>
		<Unit filename="src/mrjob.c">
			<Option compilerVar="CC" />
		</Unit>
		<Unit filename="src/mrloginparam.c">
			<Option compilerVar="CC" />
		</Unit>
		<Unit filename="src/mrmailbox.c">
			<Option compilerVar="CC" />
		</Unit>
		<Unit filename="src/mrmailbox_configure.c">
			<Option compilerVar="CC" />
		</Unit>
		<Unit filename="src/mrmailbox_log.c">
			<Option compilerVar="CC" />
		</Unit>
		<Unit filename="src/mrmimeparser.c">
			<Option compilerVar="CC" />
		</Unit>
		<Unit filename="src/mrmsg.c">
			<Option compilerVar="CC" />
		</Unit>
		<Unit filename="src/mrosnative.c">
			<Option compilerVar="CC" />
		</Unit>
		<Unit filename="src/mrparam.c">
			<Option compilerVar="CC" />
		</Unit>
		<Unit filename="src/mrpoortext.c">
			<Option compilerVar="CC" />
		</Unit>
		<Unit filename="src/mrsaxparser.c">
			<Option compilerVar="CC" />
		</Unit>
		<Unit filename="src/mrsimplify.c">
			<Option compilerVar="CC" />
		</Unit>
		<Unit filename="src/mrsmtp.c">
			<Option compilerVar="CC" />
		</Unit>
		<Unit filename="src/mrsqlite3.c">
			<Option compilerVar="CC" />
		</Unit>
		<Unit filename="src/mrstock.c">
			<Option compilerVar="CC" />
		</Unit>
		<Unit filename="src/mrtools.c">
			<Option compilerVar="CC" />
		</Unit>
		<Unit filename="src/stress.c">
			<Option compilerVar="CC" />
		</Unit>
		<Extensions>
			<envvars />
			<code_completion />
			<debugger />
		</Extensions>
	</Project>
</CodeBlocks_project_file>
